Microsoft Visual Studio Solution File, Format Version 12.00
# Visual Studio Version 17
VisualStudioVersion = 17.5.2.0
MinimumVisualStudioVersion = 10.0.40219.1
Project("{FAE04EC0-301F-11D3-BF4B-00C04F79EFBC}") = "AssemblyToCs.CommandLine", "AssemblyToCs.CommandLine\AssemblyToCs.CommandLine.csproj", "{B191B2D4-88EE-B58B-0512-222449056200}"
EndProject
Project("{FAE04EC0-301F-11D3-BF4B-00C04F79EFBC}") = "AssemblyToCs", "AssemblyToCs\AssemblyToCs.csproj", "{2B461365-02C0-41DA-8346-B07FB50A639A}"
EndProject
Global
	GlobalSection(SolutionConfigurationPlatforms) = preSolution
		Debug|Any CPU = Debug|Any CPU
		Release|Any CPU = Release|Any CPU
	EndGlobalSection
	GlobalSection(ProjectConfigurationPlatforms) = postSolution
		{B191B2D4-88EE-B58B-0512-222449056200}.Debug|Any CPU.ActiveCfg = Debug|Any CPU
		{B191B2D4-88EE-B58B-0512-222449056200}.Debug|Any CPU.Build.0 = Debug|Any CPU
		{B191B2D4-88EE-B58B-0512-222449056200}.Release|Any CPU.ActiveCfg = Release|Any CPU
		{B191B2D4-88EE-B58B-0512-222449056200}.Release|Any CPU.Build.0 = Release|Any CPU
		{2B461365-02C0-41DA-8346-B07FB50A639A}.Debug|Any CPU.ActiveCfg = Debug|Any CPU
		{2B461365-02C0-41DA-8346-B07FB50A639A}.Debug|Any CPU.Build.0 = Debug|Any CPU
		{2B461365-02C0-41DA-8346-B07FB50A639A}.Release|Any CPU.ActiveCfg = Release|Any CPU
		{2B461365-02C0-41DA-8346-B07FB50A639A}.Release|Any CPU.Build.0 = Release|Any CPU
	EndGlobalSection
	GlobalSection(SolutionProperties) = preSolution
		HideSolutionNode = FALSE
	EndGlobalSection
	GlobalSection(ExtensibilityGlobals) = postSolution
		SolutionGuid = {78125B54-CE0B-4206-9DDF-241049473B91}
	EndGlobalSection
EndGlobal
